// !$*UTF8*$!
{
	archiveVersion = 1;
	classes = {
	};
	objectVersion = 56;
	objects = {

/* Begin PBXBuildFile section */
		981755BE2B7DA7D700062A90 /* SkySpyApp.swift in Sources */ = {isa = PBXBuildFile; fileRef = 981755BD2B7DA7D700062A90 /* SkySpyApp.swift */; };
		981755C02B7DA7D700062A90 /* ContentView.swift in Sources */ = {isa = PBXBuildFile; fileRef = 981755BF2B7DA7D700062A90 /* ContentView.swift */; };
		981755C22B7DA7D900062A90 /* Assets.xcassets in Resources */ = {isa = PBXBuildFile; fileRef = 981755C12B7DA7D900062A90 /* Assets.xcassets */; };
		981755C62B7DA7D900062A90 /* Preview Assets.xcassets in Resources */ = {isa = PBXBuildFile; fileRef = 981755C52B7DA7D900062A90 /* Preview Assets.xcassets */; };
		981755D02B7DA7D900062A90 /* SkySpyTests.swift in Sources */ = {isa = PBXBuildFile; fileRef = 981755CF2B7DA7D900062A90 /* SkySpyTests.swift */; };
		981755DA2B7DA7D900062A90 /* SkySpyUITests.swift in Sources */ = {isa = PBXBuildFile; fileRef = 981755D92B7DA7D900062A90 /* SkySpyUITests.swift */; };
		981755DC2B7DA7D900062A90 /* SkySpyUITestsLaunchTests.swift in Sources */ = {isa = PBXBuildFile; fileRef = 981755DB2B7DA7D900062A90 /* SkySpyUITestsLaunchTests.swift */; };
/* End PBXBuildFile section */

/* Begin PBXContainerItemProxy section */
		981755CC2B7DA7D900062A90 /* PBXContainerItemProxy */ = {
			isa = PBXContainerItemProxy;
			containerPortal = 981755B22B7DA7D700062A90 /* Project object */;
			proxyType = 1;
			remoteGlobalIDString = 981755B92B7DA7D700062A90;
			remoteInfo = SkySpy;
		};
		981755D62B7DA7D900062A90 /* PBXContainerItemProxy */ = {
			isa = PBXContainerItemProxy;
			containerPortal = 981755B22B7DA7D700062A90 /* Project object */;
			proxyType = 1;
			remoteGlobalIDString = 981755B92B7DA7D700062A90;
			remoteInfo = SkySpy;
		};
/* End PBXContainerItemProxy section */

/* Begin PBXFileReference section */
		981755BA2B7DA7D700062A90 /* SkySpy.app */ = {isa = PBXFileReference; explicitFileType = wrapper.application; includeInIndex = 0; path = SkySpy.app; sourceTree = BUILT_PRODUCTS_DIR; };
		981755BD2B7DA7D700062A90 /* SkySpyApp.swift */ = {isa = PBXFileReference; lastKnownFileType = sourcecode.swift; path = SkySpyApp.swift; sourceTree = "<group>"; };
		981755BF2B7DA7D700062A90 /* ContentView.swift */ = {isa = PBXFileReference; lastKnownFileType = sourcecode.swift; path = ContentView.swift; sourceTree = "<group>"; };
		981755C12B7DA7D900062A90 /* Assets.xcassets */ = {isa = PBXFileReference; lastKnownFileType = folder.assetcatalog; path = Assets.xcassets; sourceTree = "<group>"; };
		981755C32B7DA7D900062A90 /* SkySpy.entitlements */ = {isa = PBXFileReference; lastKnownFileType = text.plist.entitlements; path = SkySpy.entitlements; sourceTree = "<group>"; };
		981755C52B7DA7D900062A90 /* Preview Assets.xcassets */ = {isa = PBXFileReference; lastKnownFileType = folder.assetcatalog; path = "Preview Assets.xcassets"; sourceTree = "<group>"; };
		981755CB2B7DA7D900062A90 /* SkySpyTests.xctest */ = {isa = PBXFileReference; explicitFileType = wrapper.cfbundle; includeInIndex = 0; path = SkySpyTests.xctest; sourceTree = BUILT_PRODUCTS_DIR; };
		981755CF2B7DA7D900062A90 /* SkySpyTests.swift */ = {isa = PBXFileReference; lastKnownFileType = sourcecode.swift; path = SkySpyTests.swift; sourceTree = "<group>"; };
		981755D52B7DA7D900062A90 /* SkySpyUITests.xctest */ = {isa = PBXFileReference; explicitFileType = wrapper.cfbundle; includeInIndex = 0; path = SkySpyUITests.xctest; sourceTree = BUILT_PRODUCTS_DIR; };
		981755D92B7DA7D900062A90 /* SkySpyUITests.swift */ = {isa = PBXFileReference; lastKnownFileType = sourcecode.swift; path = SkySpyUITests.swift; sourceTree = "<group>"; };
		981755DB2B7DA7D900062A90 /* SkySpyUITestsLaunchTests.swift */ = {isa = PBXFileReference; lastKnownFileType = sourcecode.swift; path = SkySpyUITestsLaunchTests.swift; sourceTree = "<group>"; };
/* End PBXFileReference section */

/* Begin PBXFrameworksBuildPhase section */
		981755B72B7DA7D700062A90 /* Frameworks */ = {
			isa = PBXFrameworksBuildPhase;
			buildActionMask = 2147483647;
			files = (
			);
			runOnlyForDeploymentPostprocessing = 0;
		};
		981755C82B7DA7D900062A90 /* Frameworks */ = {
			isa = PBXFrameworksBuildPhase;
			buildActionMask = 2147483647;
			files = (
			);
			runOnlyForDeploymentPostprocessing = 0;
		};
		981755D22B7DA7D900062A90 /* Frameworks */ = {
			isa = PBXFrameworksBuildPhase;
			buildActionMask = 2147483647;
			files = (
			);
			runOnlyForDeploymentPostprocessing = 0;
		};
/* End PBXFrameworksBuildPhase section */

/* Begin PBXGroup section */
		981755B12B7DA7D700062A90 = {
			isa = PBXGroup;
			children = (
				981755BC2B7DA7D700062A90 /* SkySpy */,
				981755CE2B7DA7D900062A90 /* SkySpyTests */,
				981755D82B7DA7D900062A90 /* SkySpyUITests */,
				981755BB2B7DA7D700062A90 /* Products */,
			);
			sourceTree = "<group>";
		};
		981755BB2B7DA7D700062A90 /* Products */ = {
			isa = PBXGroup;
			children = (
				981755BA2B7DA7D700062A90 /* SkySpy.app */,
				981755CB2B7DA7D900062A90 /* SkySpyTests.xctest */,
				981755D52B7DA7D900062A90 /* SkySpyUITests.xctest */,
			);
			name = Products;
			sourceTree = "<group>";
		};
		981755BC2B7DA7D700062A90 /* SkySpy */ = {
			isa = PBXGroup;
			children = (
				981755BD2B7DA7D700062A90 /* SkySpyApp.swift */,
				981755BF2B7DA7D700062A90 /* ContentView.swift */,
				981755C12B7DA7D900062A90 /* Assets.xcassets */,
				981755C32B7DA7D900062A90 /* SkySpy.entitlements */,
				981755C42B7DA7D900062A90 /* Preview Content */,
			);
			path = SkySpy;
			sourceTree = "<group>";
		};
		981755C42B7DA7D900062A90 /* Preview Content */ = {
			isa = PBXGroup;
			children = (
				981755C52B7DA7D900062A90 /* Preview Assets.xcassets */,
			);
			path = "Preview Content";
			sourceTree = "<group>";
		};
		981755CE2B7DA7D900062A90 /* SkySpyTests */ = {
			isa = PBXGroup;
			children = (
				981755CF2B7DA7D900062A90 /* SkySpyTests.swift */,
			);
			path = SkySpyTests;
			sourceTree = "<group>";
		};
		981755D82B7DA7D900062A90 /* SkySpyUITests */ = {
			isa = PBXGroup;
			children = (
				981755D92B7DA7D900062A90 /* SkySpyUITests.swift */,
				981755DB2B7DA7D900062A90 /* SkySpyUITestsLaunchTests.swift */,
			);
			path = SkySpyUITests;
			sourceTree = "<group>";
		};
/* End PBXGroup section */

/* Begin PBXNativeTarget section */
		981755B92B7DA7D700062A90 /* SkySpy */ = {
			isa = PBXNativeTarget;
			buildConfigurationList = 981755DF2B7DA7D900062A90 /* Build configuration list for PBXNativeTarget "SkySpy" */;
			buildPhases = (
				981755B62B7DA7D700062A90 /* Sources */,
				981755B72B7DA7D700062A90 /* Frameworks */,
				981755B82B7DA7D700062A90 /* Resources */,
			);
			buildRules = (
			);
			dependencies = (
			);
			name = SkySpy;
			productName = SkySpy;
			productReference = 981755BA2B7DA7D700062A90 /* SkySpy.app */;
			productType = "com.apple.product-type.application";
		};
		981755CA2B7DA7D900062A90 /* SkySpyTests */ = {
			isa = PBXNativeTarget;
			buildConfigurationList = 981755E22B7DA7D900062A90 /* Build configuration list for PBXNativeTarget "SkySpyTests" */;
			buildPhases = (
				981755C72B7DA7D900062A90 /* Sources */,
				981755C82B7DA7D900062A90 /* Frameworks */,
				981755C92B7DA7D900062A90 /* Resources */,
			);
			buildRules = (
			);
			dependencies = (
				981755CD2B7DA7D900062A90 /* PBXTargetDependency */,
			);
			name = SkySpyTests;
			productName = SkySpyTests;
			productReference = 981755CB2B7DA7D900062A90 /* SkySpyTests.xctest */;
			productType = "com.apple.product-type.bundle.unit-test";
		};
		981755D42B7DA7D900062A90 /* SkySpyUITests */ = {
			isa = PBXNativeTarget;
			buildConfigurationList = 981755E52B7DA7D900062A90 /* Build configuration list for PBXNativeTarget "SkySpyUITests" */;
			buildPhases = (
				981755D12B7DA7D900062A90 /* Sources */,
				981755D22B7DA7D900062A90 /* Frameworks */,
				981755D32B7DA7D900062A90 /* Resources */,
			);
			buildRules = (
			);
			dependencies = (
				981755D72B7DA7D900062A90 /* PBXTargetDependency */,
			);
			name = SkySpyUITests;
			productName = SkySpyUITests;
			productReference = 981755D52B7DA7D900062A90 /* SkySpyUITests.xctest */;
			productType = "com.apple.product-type.bundle.ui-testing";
		};
/* End PBXNativeTarget section */

/* Begin PBXProject section */
		981755B22B7DA7D700062A90 /* Project object */ = {
			isa = PBXProject;
			attributes = {
				BuildIndependentTargetsInParallel = 1;
				LastSwiftUpdateCheck = 1520;
				LastUpgradeCheck = 1520;
				TargetAttributes = {
					981755B92B7DA7D700062A90 = {
						CreatedOnToolsVersion = 15.2;
					};
					981755CA2B7DA7D900062A90 = {
						CreatedOnToolsVersion = 15.2;
						TestTargetID = 981755B92B7DA7D700062A90;
					};
					981755D42B7DA7D900062A90 = {
						CreatedOnToolsVersion = 15.2;
						TestTargetID = 981755B92B7DA7D700062A90;
					};
				};
			};
			buildConfigurationList = 981755B52B7DA7D700062A90 /* Build configuration list for PBXProject "SkySpy" */;
			compatibilityVersion = "Xcode 14.0";
			developmentRegion = en;
			hasScannedForEncodings = 0;
			knownRegions = (
				en,
				Base,
			);
			mainGroup = 981755B12B7DA7D700062A90;
			productRefGroup = 981755BB2B7DA7D700062A90 /* Products */;
			projectDirPath = "";
			projectRoot = "";
			targets = (
				981755B92B7DA7D700062A90 /* SkySpy */,
				981755CA2B7DA7D900062A90 /* SkySpyTests */,
				981755D42B7DA7D900062A90 /* SkySpyUITests */,
			);
		};
/* End PBXProject section */

/* Begin PBXResourcesBuildPhase section */
		981755B82B7DA7D700062A90 /* Resources */ = {
			isa = PBXResourcesBuildPhase;
			buildActionMask = 2147483647;
			files = (
				981755C62B7DA7D900062A90 /* Preview Assets.xcassets in Resources */,
				981755C22B7DA7D900062A90 /* Assets.xcassets in Resources */,
			);
			runOnlyForDeploymentPostprocessing = 0;
		};
		981755C92B7DA7D900062A90 /* Resources */ = {
			isa = PBXResourcesBuildPhase;
			buildActionMask = 2147483647;
			files = (
			);
			runOnlyForDeploymentPostprocessing = 0;
		};
		981755D32B7DA7D900062A90 /* Resources */ = {
			isa = PBXResourcesBuildPhase;
			buildActionMask = 2147483647;
			files = (
			);
			runOnlyForDeploymentPostprocessing = 0;
		};
/* End PBXResourcesBuildPhase section */

/* Begin PBXSourcesBuildPhase section */
		981755B62B7DA7D700062A90 /* Sources */ = {
			isa = PBXSourcesBuildPhase;
			buildActionMask = 2147483647;
			files = (
				981755C02B7DA7D700062A90 /* ContentView.swift in Sources */,
				981755BE2B7DA7D700062A90 /* SkySpyApp.swift in Sources */,
			);
			runOnlyForDeploymentPostprocessing = 0;
		};
		981755C72B7DA7D900062A90 /* Sources */ = {
			isa = PBXSourcesBuildPhase;
			buildActionMask = 2147483647;
			files = (
				981755D02B7DA7D900062A90 /* SkySpyTests.swift in Sources */,
			);
			runOnlyForDeploymentPostprocessing = 0;
		};
		981755D12B7DA7D900062A90 /* Sources */ = {
			isa = PBXSourcesBuildPhase;
			buildActionMask = 2147483647;
			files = (
				981755DA2B7DA7D900062A90 /* SkySpyUITests.swift in Sources */,
				981755DC2B7DA7D900062A90 /* SkySpyUITestsLaunchTests.swift in Sources */,
			);
			runOnlyForDeploymentPostprocessing = 0;
		};
/* End PBXSourcesBuildPhase section */

/* Begin PBXTargetDependency section */
		981755CD2B7DA7D900062A90 /* PBXTargetDependency */ = {
			isa = PBXTargetDependency;
			target = 981755B92B7DA7D700062A90 /* SkySpy */;
			targetProxy = 981755CC2B7DA7D900062A90 /* PBXContainerItemProxy */;
		};
		981755D72B7DA7D900062A90 /* PBXTargetDependency */ = {
			isa = PBXTargetDependency;
			target = 981755B92B7DA7D700062A90 /* SkySpy */;
			targetProxy = 981755D62B7DA7D900062A90 /* PBXContainerItemProxy */;
		};
/* End PBXTargetDependency section */

/* Begin XCBuildConfiguration section */
		981755DD2B7DA7D900062A90 /* Debug */ = {
			isa = XCBuildConfiguration;
			buildSettings = {
				ALWAYS_SEARCH_USER_PATHS = NO;
				ASSETCATALOG_COMPILER_GENERATE_SWIFT_ASSET_SYMBOL_EXTENSIONS = YES;
				CLANG_ANALYZER_NONNULL = YES;
				CLANG_ANALYZER_NUMBER_OBJECT_CONVERSION = YES_AGGRESSIVE;
				CLANG_CXX_LANGUAGE_STANDARD = "gnu++20";
				CLANG_ENABLE_MODULES = YES;
				CLANG_ENABLE_OBJC_ARC = YES;
				CLANG_ENABLE_OBJC_WEAK = YES;
				CLANG_WARN_BLOCK_CAPTURE_AUTORELEASING = YES;
				CLANG_WARN_BOOL_CONVERSION = YES;
				CLANG_WARN_COMMA = YES;
				CLANG_WARN_CONSTANT_CONVERSION = YES;
				CLANG_WARN_DEPRECATED_OBJC_IMPLEMENTATIONS = YES;
				CLANG_WARN_DIRECT_OBJC_ISA_USAGE = YES_ERROR;
				CLANG_WARN_DOCUMENTATION_COMMENTS = YES;
				CLANG_WARN_EMPTY_BODY = YES;
				CLANG_WARN_ENUM_CONVERSION = YES;
				CLANG_WARN_INFINITE_RECURSION = YES;
				CLANG_WARN_INT_CONVERSION = YES;
				CLANG_WARN_NON_LITERAL_NULL_CONVERSION = YES;
				CLANG_WARN_OBJC_IMPLICIT_RETAIN_SELF = YES;
				CLANG_WARN_OBJC_LITERAL_CONVERSION = YES;
				CLANG_WARN_OBJC_ROOT_CLASS = YES_ERROR;
				CLANG_WARN_QUOTED_INCLUDE_IN_FRAMEWORK_HEADER = YES;
				CLANG_WARN_RANGE_LOOP_ANALYSIS = YES;
				CLANG_WARN_STRICT_PROTOTYPES = YES;
				CLANG_WARN_SUSPICIOUS_MOVE = YES;
				CLANG_WARN_UNGUARDED_AVAILABILITY = YES_AGGRESSIVE;
				CLANG_WARN_UNREACHABLE_CODE = YES;
				CLANG_WARN__DUPLICATE_METHOD_MATCH = YES;
				COPY_PHASE_STRIP = NO;
				DEBUG_INFORMATION_FORMAT = dwarf;
				ENABLE_STRICT_OBJC_MSGSEND = YES;
				ENABLE_TESTABILITY = YES;
				ENABLE_USER_SCRIPT_SANDBOXING = YES;
				GCC_C_LANGUAGE_STANDARD = gnu17;
				GCC_DYNAMIC_NO_PIC = NO;
				GCC_NO_COMMON_BLOCKS = YES;
				GCC_OPTIMIZATION_LEVEL = 0;
				GCC_PREPROCESSOR_DEFINITIONS = (
					"DEBUG=1",
					"$(inherited)",
				);
				GCC_WARN_64_TO_32_BIT_CONVERSION = YES;
				GCC_WARN_ABOUT_RETURN_TYPE = YES_ERROR;
				GCC_WARN_UNDECLARED_SELECTOR = YES;
				GCC_WARN_UNINITIALIZED_AUTOS = YES_AGGRESSIVE;
				GCC_WARN_UNUSED_FUNCTION = YES;
				GCC_WARN_UNUSED_VARIABLE = YES;
				LOCALIZATION_PREFERS_STRING_CATALOGS = YES;
				MTL_ENABLE_DEBUG_INFO = INCLUDE_SOURCE;
				MTL_FAST_MATH = YES;
				ONLY_ACTIVE_ARCH = YES;
				SWIFT_ACTIVE_COMPILATION_CONDITIONS = "DEBUG $(inherited)";
				SWIFT_OPTIMIZATION_LEVEL = "-Onone";
			};
			name = Debug;
		};
		981755DE2B7DA7D900062A90 /* Release */ = {
			isa = XCBuildConfiguration;
			buildSettings = {
				ALWAYS_SEARCH_USER_PATHS = NO;
				ASSETCATALOG_COMPILER_GENERATE_SWIFT_ASSET_SYMBOL_EXTENSIONS = YES;
				CLANG_ANALYZER_NONNULL = YES;
				CLANG_ANALYZER_NUMBER_OBJECT_CONVERSION = YES_AGGRESSIVE;
				CLANG_CXX_LANGUAGE_STANDARD = "gnu++20";
				CLANG_ENABLE_MODULES = YES;
				CLANG_ENABLE_OBJC_ARC = YES;
				CLANG_ENABLE_OBJC_WEAK = YES;
				CLANG_WARN_BLOCK_CAPTURE_AUTORELEASING = YES;
				CLANG_WARN_BOOL_CONVERSION = YES;
				CLANG_WARN_COMMA = YES;
				CLANG_WARN_CONSTANT_CONVERSION = YES;
				CLANG_WARN_DEPRECATED_OBJC_IMPLEMENTATIONS = YES;
				CLANG_WARN_DIRECT_OBJC_ISA_USAGE = YES_ERROR;
				CLANG_WARN_DOCUMENTATION_COMMENTS = YES;
				CLANG_WARN_EMPTY_BODY = YES;
				CLANG_WARN_ENUM_CONVERSION = YES;
				CLANG_WARN_INFINITE_RECURSION = YES;
				CLANG_WARN_INT_CONVERSION = YES;
				CLANG_WARN_NON_LITERAL_NULL_CONVERSION = YES;
				CLANG_WARN_OBJC_IMPLICIT_RETAIN_SELF = YES;
				CLANG_WARN_OBJC_LITERAL_CONVERSION = YES;
				CLANG_WARN_OBJC_ROOT_CLASS = YES_ERROR;
				CLANG_WARN_QUOTED_INCLUDE_IN_FRAMEWORK_HEADER = YES;
				CLANG_WARN_RANGE_LOOP_ANALYSIS = YES;
				CLANG_WARN_STRICT_PROTOTYPES = YES;
				CLANG_WARN_SUSPICIOUS_MOVE = YES;
				CLANG_WARN_UNGUARDED_AVAILABILITY = YES_AGGRESSIVE;
				CLANG_WARN_UNREACHABLE_CODE = YES;
				CLANG_WARN__DUPLICATE_METHOD_MATCH = YES;
				COPY_PHASE_STRIP = NO;
				DEBUG_INFORMATION_FORMAT = "dwarf-with-dsym";
				ENABLE_NS_ASSERTIONS = NO;
				ENABLE_STRICT_OBJC_MSGSEND = YES;
				ENABLE_USER_SCRIPT_SANDBOXING = YES;
				GCC_C_LANGUAGE_STANDARD = gnu17;
				GCC_NO_COMMON_BLOCKS = YES;
				GCC_WARN_64_TO_32_BIT_CONVERSION = YES;
				GCC_WARN_ABOUT_RETURN_TYPE = YES_ERROR;
				GCC_WARN_UNDECLARED_SELECTOR = YES;
				GCC_WARN_UNINITIALIZED_AUTOS = YES_AGGRESSIVE;
				GCC_WARN_UNUSED_FUNCTION = YES;
				GCC_WARN_UNUSED_VARIABLE = YES;
				LOCALIZATION_PREFERS_STRING_CATALOGS = YES;
				MTL_ENABLE_DEBUG_INFO = NO;
				MTL_FAST_MATH = YES;
				SWIFT_COMPILATION_MODE = wholemodule;
			};
			name = Release;
		};
		981755E02B7DA7D900062A90 /* Debug */ = {
			isa = XCBuildConfiguration;
			buildSettings = {
				ASSETCATALOG_COMPILER_APPICON_NAME = AppIcon;
				ASSETCATALOG_COMPILER_GLOBAL_ACCENT_COLOR_NAME = AccentColor;
				CODE_SIGN_ENTITLEMENTS = SkySpy/SkySpy.entitlements;
				CODE_SIGN_STYLE = Automatic;
				CURRENT_PROJECT_VERSION = 1;
				DEVELOPMENT_ASSET_PATHS = "\"SkySpy/Preview Content\"";
				DEVELOPMENT_TEAM = 3MR87G5NZ5;
				ENABLE_HARDENED_RUNTIME = YES;
				ENABLE_PREVIEWS = YES;
				GENERATE_INFOPLIST_FILE = YES;
				"INFOPLIST_KEY_UIApplicationSceneManifest_Generation[sdk=iphoneos*]" = YES;
				"INFOPLIST_KEY_UIApplicationSceneManifest_Generation[sdk=iphonesimulator*]" = YES;
				"INFOPLIST_KEY_UIApplicationSupportsIndirectInputEvents[sdk=iphoneos*]" = YES;
				"INFOPLIST_KEY_UIApplicationSupportsIndirectInputEvents[sdk=iphonesimulator*]" = YES;
				"INFOPLIST_KEY_UILaunchScreen_Generation[sdk=iphoneos*]" = YES;
				"INFOPLIST_KEY_UILaunchScreen_Generation[sdk=iphonesimulator*]" = YES;
				"INFOPLIST_KEY_UIStatusBarStyle[sdk=iphoneos*]" = UIStatusBarStyleDefault;
				"INFOPLIST_KEY_UIStatusBarStyle[sdk=iphonesimulator*]" = UIStatusBarStyleDefault;
				INFOPLIST_KEY_UISupportedInterfaceOrientations_iPad = "UIInterfaceOrientationPortrait UIInterfaceOrientationPortraitUpsideDown UIInterfaceOrientationLandscapeLeft UIInterfaceOrientationLandscapeRight";
				INFOPLIST_KEY_UISupportedInterfaceOrientations_iPhone = "UIInterfaceOrientationPortrait UIInterfaceOrientationLandscapeLeft UIInterfaceOrientationLandscapeRight";
				IPHONEOS_DEPLOYMENT_TARGET = 17.2;
				LD_RUNPATH_SEARCH_PATHS = "@executable_path/Frameworks";
				"LD_RUNPATH_SEARCH_PATHS[sdk=macosx*]" = "@executable_path/../Frameworks";
				MACOSX_DEPLOYMENT_TARGET = 14.2;
				MARKETING_VERSION = 1.0;
				PRODUCT_BUNDLE_IDENTIFIER = kobiraj.SkySpy;
				PRODUCT_NAME = "$(TARGET_NAME)";
				SDKROOT = auto;
				SUPPORTED_PLATFORMS = "iphoneos iphonesimulator macosx";
				SWIFT_EMIT_LOC_STRINGS = YES;
				SWIFT_VERSION = 5.0;
				TARGETED_DEVICE_FAMILY = "1,2";
			};
			name = Debug;
		};
		981755E12B7DA7D900062A90 /* Release */ = {
			isa = XCBuildConfiguration;
			buildSettings = {
				ASSETCATALOG_COMPILER_APPICON_NAME = AppIcon;
				ASSETCATALOG_COMPILER_GLOBAL_ACCENT_COLOR_NAME = AccentColor;
				CODE_SIGN_ENTITLEMENTS = SkySpy/SkySpy.entitlements;
				CODE_SIGN_STYLE = Automatic;
				CURRENT_PROJECT_VERSION = 1;
				DEVELOPMENT_ASSET_PATHS = "\"SkySpy/Preview Content\"";
				DEVELOPMENT_TEAM = 3MR87G5NZ5;
				ENABLE_HARDENED_RUNTIME = YES;
				ENABLE_PREVIEWS = YES;
				GENERATE_INFOPLIST_FILE = YES;
				"INFOPLIST_KEY_UIApplicationSceneManifest_Generation[sdk=iphoneos*]" = YES;
				"INFOPLIST_KEY_UIApplicationSceneManifest_Generation[sdk=iphonesimulator*]" = YES;
				"INFOPLIST_KEY_UIApplicationSupportsIndirectInputEvents[sdk=iphoneos*]" = YES;
				"INFOPLIST_KEY_UIApplicationSupportsIndirectInputEvents[sdk=iphonesimulator*]" = YES;
				"INFOPLIST_KEY_UILaunchScreen_Generation[sdk=iphoneos*]" = YES;
				"INFOPLIST_KEY_UILaunchScreen_Generation[sdk=iphonesimulator*]" = YES;
				"INFOPLIST_KEY_UIStatusBarStyle[sdk=iphoneos*]" = UIStatusBarStyleDefault;
				"INFOPLIST_KEY_UIStatusBarStyle[sdk=iphonesimulator*]" = UIStatusBarStyleDefault;
				INFOPLIST_KEY_UISupportedInterfaceOrientations_iPad = "UIInterfaceOrientationPortrait UIInterfaceOrientationPortraitUpsideDown UIInterfaceOrientationLandscapeLeft UIInterfaceOrientationLandscapeRight";
				INFOPLIST_KEY_UISupportedInterfaceOrientations_iPhone = "UIInterfaceOrientationPortrait UIInterfaceOrientationLandscapeLeft UIInterfaceOrientationLandscapeRight";
				IPHONEOS_DEPLOYMENT_TARGET = 17.2;
				LD_RUNPATH_SEARCH_PATHS = "@executable_path/Frameworks";
				"LD_RUNPATH_SEARCH_PATHS[sdk=macosx*]" = "@executable_path/../Frameworks";
				MACOSX_DEPLOYMENT_TARGET = 14.2;
				MARKETING_VERSION = 1.0;
				PRODUCT_BUNDLE_IDENTIFIER = kobiraj.SkySpy;
				PRODUCT_NAME = "$(TARGET_NAME)";
				SDKROOT = auto;
				SUPPORTED_PLATFORMS = "iphoneos iphonesimulator macosx";
				SWIFT_EMIT_LOC_STRINGS = YES;
				SWIFT_VERSION = 5.0;
				TARGETED_DEVICE_FAMILY = "1,2";
			};
			name = Release;
		};
		981755E32B7DA7D900062A90 /* Debug */ = {
			isa = XCBuildConfiguration;
			buildSettings = {
				ALWAYS_EMBED_SWIFT_STANDARD_LIBRARIES = YES;
				BUNDLE_LOADER = "$(TEST_HOST)";
				CODE_SIGN_STYLE = Automatic;
				CURRENT_PROJECT_VERSION = 1;
				DEVELOPMENT_TEAM = 3MR87G5NZ5;
				GENERATE_INFOPLIST_FILE = YES;
				IPHONEOS_DEPLOYMENT_TARGET = 17.2;
				MACOSX_DEPLOYMENT_TARGET = 14.2;
				MARKETING_VERSION = 1.0;
				PRODUCT_BUNDLE_IDENTIFIER = kobiraj.SkySpyTests;
				PRODUCT_NAME = "$(TARGET_NAME)";
				SDKROOT = auto;
				SUPPORTED_PLATFORMS = "iphoneos iphonesimulator macosx";
				SWIFT_EMIT_LOC_STRINGS = NO;
				SWIFT_VERSION = 5.0;
				TARGETED_DEVICE_FAMILY = "1,2";
				TEST_HOST = "$(BUILT_PRODUCTS_DIR)/SkySpy.app/$(BUNDLE_EXECUTABLE_FOLDER_PATH)/SkySpy";
			};
			name = Debug;
		};
		981755E42B7DA7D900062A90 /* Release */ = {
			isa = XCBuildConfiguration;
			buildSettings = {
				ALWAYS_EMBED_SWIFT_STANDARD_LIBRARIES = YES;
				BUNDLE_LOADER = "$(TEST_HOST)";
				CODE_SIGN_STYLE = Automatic;
				CURRENT_PROJECT_VERSION = 1;
				DEVELOPMENT_TEAM = 3MR87G5NZ5;
				GENERATE_INFOPLIST_FILE = YES;
				IPHONEOS_DEPLOYMENT_TARGET = 17.2;
				MACOSX_DEPLOYMENT_TARGET = 14.2;
				MARKETING_VERSION = 1.0;
				PRODUCT_BUNDLE_IDENTIFIER = kobiraj.SkySpyTests;
				PRODUCT_NAME = "$(TARGET_NAME)";
				SDKROOT = auto;
				SUPPORTED_PLATFORMS = "iphoneos iphonesimulator macosx";
				SWIFT_EMIT_LOC_STRINGS = NO;
				SWIFT_VERSION = 5.0;
				TARGETED_DEVICE_FAMILY = "1,2";
				TEST_HOST = "$(BUILT_PRODUCTS_DIR)/SkySpy.app/$(BUNDLE_EXECUTABLE_FOLDER_PATH)/SkySpy";
			};
			name = Release;
		};
		981755E62B7DA7D900062A90 /* Debug */ = {
			isa = XCBuildConfiguration;
			buildSettings = {
				ALWAYS_EMBED_SWIFT_STANDARD_LIBRARIES = YES;
				CODE_SIGN_STYLE = Automatic;
				CURRENT_PROJECT_VERSION = 1;
				DEVELOPMENT_TEAM = 3MR87G5NZ5;
				GENERATE_INFOPLIST_FILE = YES;
				IPHONEOS_DEPLOYMENT_TARGET = 17.2;
				MACOSX_DEPLOYMENT_TARGET = 14.2;
				MARKETING_VERSION = 1.0;
				PRODUCT_BUNDLE_IDENTIFIER = kobiraj.SkySpyUITests;
				PRODUCT_NAME = "$(TARGET_NAME)";
				SDKROOT = auto;
				SUPPORTED_PLATFORMS = "iphoneos iphonesimulator macosx";
				SWIFT_EMIT_LOC_STRINGS = NO;
				SWIFT_VERSION = 5.0;
				TARGETED_DEVICE_FAMILY = "1,2";
				TEST_TARGET_NAME = SkySpy;
			};
			name = Debug;
		};
		981755E72B7DA7D900062A90 /* Release */ = {
			isa = XCBuildConfiguration;
			buildSettings = {
				ALWAYS_EMBED_SWIFT_STANDARD_LIBRARIES = YES;
				CODE_SIGN_STYLE = Automatic;
				CURRENT_PROJECT_VERSION = 1;
				DEVELOPMENT_TEAM = 3MR87G5NZ5;
				GENERATE_INFOPLIST_FILE = YES;
				IPHONEOS_DEPLOYMENT_TARGET = 17.2;
				MACOSX_DEPLOYMENT_TARGET = 14.2;
				MARKETING_VERSION = 1.0;
				PRODUCT_BUNDLE_IDENTIFIER = kobiraj.SkySpyUITests;
				PRODUCT_NAME = "$(TARGET_NAME)";
				SDKROOT = auto;
				SUPPORTED_PLATFORMS = "iphoneos iphonesimulator macosx";
				SWIFT_EMIT_LOC_STRINGS = NO;
				SWIFT_VERSION = 5.0;
				TARGETED_DEVICE_FAMILY = "1,2";
				TEST_TARGET_NAME = SkySpy;
			};
			name = Release;
		};
/* End XCBuildConfiguration section */

/* Begin XCConfigurationList section */
		981755B52B7DA7D700062A90 /* Build configuration list for PBXProject "SkySpy" */ = {
			isa = XCConfigurationList;
			buildConfigurations = (
				981755DD2B7DA7D900062A90 /* Debug */,
				981755DE2B7DA7D900062A90 /* Release */,
			);
			defaultConfigurationIsVisible = 0;
			defaultConfigurationName = Release;
		};
		981755DF2B7DA7D900062A90 /* Build configuration list for PBXNativeTarget "SkySpy" */ = {
			isa = XCConfigurationList;
			buildConfigurations = (
				981755E02B7DA7D900062A90 /* Debug */,
				981755E12B7DA7D900062A90 /* Release */,
			);
			defaultConfigurationIsVisible = 0;
			defaultConfigurationName = Release;
		};
		981755E22B7DA7D900062A90 /* Build configuration list for PBXNativeTarget "SkySpyTests" */ = {
			isa = XCConfigurationList;
			buildConfigurations = (
				981755E32B7DA7D900062A90 /* Debug */,
				981755E42B7DA7D900062A90 /* Release */,
			);
			defaultConfigurationIsVisible = 0;
			defaultConfigurationName = Release;
		};
		981755E52B7DA7D900062A90 /* Build configuration list for PBXNativeTarget "SkySpyUITests" */ = {
			isa = XCConfigurationList;
			buildConfigurations = (
				981755E62B7DA7D900062A90 /* Debug */,
				981755E72B7DA7D900062A90 /* Release */,
			);
			defaultConfigurationIsVisible = 0;
			defaultConfigurationName = Release;
		};
/* End XCConfigurationList section */
	};
	rootObject = 981755B22B7DA7D700062A90 /* Project object */;
}
